lockfileVersion: "6.0"

dependencies:
  "@algolia/autocomplete-theme-classic":
    specifier: ^1.5.6
    version: 1.9.2
  algoliasearch:
    specifier: ^4.13.0
    version: 4.17.1
  hugo-algolia:
    specifier: ^1.2.14
    version: 1.2.14
  node-static:
    specifier: ^0.7.11
    version: 0.7.11
  prettier:
    specifier: 2.8.7
    version: 2.8.7
  prettier-plugin-go-template:
    specifier: 0.0.13
    version: 0.0.13(prettier@2.8.7)

packages:
  /@algolia/autocomplete-theme-classic@1.9.2:
    resolution:
      {
        integrity: sha512-3yjFogH3p08Lo1aqjrIp71o/YqLNJivHtZJlZ32jZ7sC/p4Q7bte1GKvDoLloU+oWPyv+4awsl6EdnW4mfIAVQ==,
      }
    dev: false

  /@algolia/cache-browser-local-storage@4.17.1:
    resolution:
      {
        integrity: sha512-e91Jpu93X3t3mVdQwF3ZDjSFMFIfzSc+I76G4EX8nl9RYXgqcjframoL05VTjcD2YCsI18RIHAWVCBoCXVZnrw==,
      }
    dependencies:
      "@algolia/cache-common": 4.17.1
    dev: false

  /@algolia/cache-common@4.17.1:
    resolution:
      {
        integrity: sha512-fvi1WT8aSiGAKrcTw8Qg3RYgcwW8GZMHcqEm4AyDBEy72JZlFBSY80cTQ75MslINjCHXLDT+9EN8AGI9WVY7uA==,
      }
    dev: false

  /@algolia/cache-in-memory@4.17.1:
    resolution:
      {
        integrity: sha512-NbBt6eBWlsXc5geSpfPRC5dkIB/0Ptthw8r0yM5Z7D3sPlYdnTZSO9y9XWXIptRMwmZe4cM8iBMN8y0tzbcBkA==,
      }
    dependencies:
      "@algolia/cache-common": 4.17.1
    dev: false

  /@algolia/client-account@4.17.1:
    resolution:
      {
        integrity: sha512-3rL/6ofJvyL+q8TiWM3qoM9tig+SY4gB1Vbsj+UeJPnJm8Khm+7OS+r+mFraqR6pTehYqN8yGYoE7x4diEn4aA==,
      }
    dependencies:
      "@algolia/client-common": 4.17.1
      "@algolia/client-search": 4.17.1
      "@algolia/transporter": 4.17.1
    dev: false

  /@algolia/client-analytics@4.17.1:
    resolution:
      {
        integrity: sha512-Bepr2w249vODqeBtM7i++tPmUsQ9B81aupUGbDWmjA/FX+jzQqOdhW8w1CFO5kWViNKTbz2WBIJ9U3x8hOa4bA==,
      }
    dependencies:
      "@algolia/client-common": 4.17.1
      "@algolia/client-search": 4.17.1
      "@algolia/requester-common": 4.17.1
      "@algolia/transporter": 4.17.1
    dev: false

  /@algolia/client-common@4.17.1:
    resolution:
      {
        integrity: sha512-+r7kg4EgbFnGsDnoGSVNtXZO8xvZ0vzf1WAOV7sqV9PMf1bp6cpJP/3IuPrSk4t5w2KVl+pC8jfTM7HcFlfBEQ==,
      }
    dependencies:
      "@algolia/requester-common": 4.17.1
      "@algolia/transporter": 4.17.1
    dev: false

  /@algolia/client-personalization@4.17.1:
    resolution:
      {
        integrity: sha512-gJku9DG/THJpfsSlG/az0a3QIn+VVff9kKh8PG8+7ZfxOHS+C+Y5YSeZVsC+c2cfoKLPo3CuHIiJ/p86erR3bA==,
      }
    dependencies:
      "@algolia/client-common": 4.17.1
      "@algolia/requester-common": 4.17.1
      "@algolia/transporter": 4.17.1
    dev: false

  /@algolia/client-search@4.17.1:
    resolution:
      {
        integrity: sha512-Q5YfT5gVkx60PZDQBqp/zH9aUbBdC7HVvxupiHUgnCKqRQsRZjOhLest7AI6FahepuZLBZS62COrO7v+JvKY7w==,
      }
    dependencies:
      "@algolia/client-common": 4.17.1
      "@algolia/requester-common": 4.17.1
      "@algolia/transporter": 4.17.1
    dev: false

  /@algolia/logger-common@4.17.1:
    resolution:
      {
        integrity: sha512-Us28Ot+fLEmX9M96sa65VZ8EyEEzhYPxfhV9aQyKDjfXbUdJlJxKt6wZpoEg9RAPSdO8IjK9nmuW2P8au3rRsg==,
      }
    dev: false

  /@algolia/logger-console@4.17.1:
    resolution:
      {
        integrity: sha512-iKGQTpOjHiE64W3JIOu6dmDvn+AfYIElI9jf/Nt6umRPmP/JI9rK+OHUoW4pKrBtdG0DPd62ppeNXzSnLxY6/g==,
      }
    dependencies:
      "@algolia/logger-common": 4.17.1
    dev: false

  /@algolia/requester-browser-xhr@4.17.1:
    resolution:
      {
        integrity: sha512-W5mGfGDsyfVR+r4pUFrYLGBEM18gs38+GNt5PE5uPULy4uVTSnnVSkJkWeRkmLBk9zEZ/Nld8m4zavK6dtEuYg==,
      }
    dependencies:
      "@algolia/requester-common": 4.17.1
    dev: false

  /@algolia/requester-common@4.17.1:
    resolution:
      {
        integrity: sha512-HggXdjvVFQR0I5l7hM5WdHgQ1tqcRWeyXZz8apQ7zPWZhirmY2E9D6LVhDh/UnWQNEm7nBtM+eMFONJ3bZccIQ==,
      }
    dev: false

  /@algolia/requester-node-http@4.17.1:
    resolution:
      {
        integrity: sha512-NzFWecXT6d0PPsQY9L+/qoK2deF74OLcpvqCH+Vh3mh+QzPsFafcBExdguAjZsAWDn1R6JEeFW7/fo/p0SE57w==,
      }
    dependencies:
      "@algolia/requester-common": 4.17.1
    dev: false

  /@algolia/transporter@4.17.1:
    resolution:
      {
        integrity: sha512-ZM+qhX47Vh46mWH8/U9ihvy98HdTYpYQDSlqBD7IbiUbbyoCMke+qmdSX2MGhR2FCcXBSxejsJKKVAfbpaLVgg==,
      }
    dependencies:
      "@algolia/cache-common": 4.17.1
      "@algolia/logger-common": 4.17.1
      "@algolia/requester-common": 4.17.1
    dev: false

  /agentkeepalive@2.2.0:
    resolution:
      {
        integrity: sha512-TnB6ziK363p7lR8QpeLC8aMr8EGYBKZTpgzQLfqTs3bR0Oo5VbKdwKf8h0dSzsYrB7lSCgfJnMZKqShvlq5Oyg==,
      }
    engines: { node: ">= 0.10.0" }
    dev: false

  /algoliasearch@3.35.1:
    resolution:
      {
        integrity: sha512-K4yKVhaHkXfJ/xcUnil04xiSrB8B8yHZoFEhWNpXg23eiCnqvTZw1tn/SqvdsANlYHLJlKl0qi3I/Q2Sqo7LwQ==,
      }
    engines: { node: ">=0.8" }
    dependencies:
      agentkeepalive: 2.2.0
      debug: 2.6.9
      envify: 4.1.0
      es6-promise: 4.2.8
      events: 1.1.1
      foreach: 2.0.6
      global: 4.4.0
      inherits: 2.0.4
      isarray: 2.0.5
      load-script: 1.0.0
      object-keys: 1.1.1
      querystring-es3: 0.2.1
      reduce: 1.0.2
      semver: 5.7.1
      tunnel-agent: 0.6.0
    transitivePeerDependencies:
      - supports-color
    dev: false

  /algoliasearch@4.17.1:
    resolution:
      {
        integrity: sha512-4GDQ1RhP2qUR3x8PevFRbEdqZqIARNViZYjgTJmA1T7wRNtFA3W4Aqc/RsODqa1J8IO/QDla5x4tWuUS8NV8wA==,
      }
    dependencies:
      "@algolia/cache-browser-local-storage": 4.17.1
      "@algolia/cache-common": 4.17.1
      "@algolia/cache-in-memory": 4.17.1
      "@algolia/client-account": 4.17.1
      "@algolia/client-analytics": 4.17.1
      "@algolia/client-common": 4.17.1
      "@algolia/client-personalization": 4.17.1
      "@algolia/client-search": 4.17.1
      "@algolia/logger-common": 4.17.1
      "@algolia/logger-console": 4.17.1
      "@algolia/requester-browser-xhr": 4.17.1
      "@algolia/requester-common": 4.17.1
      "@algolia/requester-node-http": 4.17.1
      "@algolia/transporter": 4.17.1
    dev: false

  /argparse@1.0.10:
    resolution:
      {
        integrity: sha512-o5Roy6tNG4SL/FOkCAN6RzjiakZS25RLYFrcMttJqbdd8BWrnA+fGz57iN5Pb06pvBGvl5gQ0B48dJlslXvoTg==,
      }
    dependencies:
      sprintf-js: 1.0.3
    dev: false

  /balanced-match@1.0.2:
    resolution:
      {
        integrity: sha512-3oSeUO0TMV67hN1AmbXsK4yaqU7tjiHlbxRDZOpH0KW9+CeX4bRAaX0Anxt0tx2MrpRpWwQaPwIlISEJhYU5Pw==,
      }
    dev: false

  /brace-expansion@1.1.11:
    resolution:
      {
        integrity: sha512-iCuPHDFgrHX7H2vEI/5xpz07zSHB00TpugqhmYtVmMO6518mCuRMoOYFldEBl0g187ufozdaHgWKcYFb61qGiA==,
      }
    dependencies:
      balanced-match: 1.0.2
      concat-map: 0.0.1
    dev: false

  /bytes@3.1.2:
    resolution:
      {
        integrity: sha512-/Nf7TyzTx6S3yRJObOAV7956r8cr2+Oj8AC5dt8wSP3BQAoeX58NoHyCU8P8zGkNXStjTSi6fzO6F0pBdcYbEg==,
      }
    engines: { node: ">= 0.8" }
    dev: false

  /colors@1.4.0:
    resolution:
      {
        integrity: sha512-a+UqTh4kgZg/SlGvfbzDHpgRu7AAQOmmqRHJnxhRZICKFUT91brVhNNt58CMWU9PsBbv3PDCZUHbVxuDiH2mtA==,
      }
    engines: { node: ">=0.1.90" }
    dev: false

  /commander@2.20.3:
    resolution:
      {
        integrity: sha512-GpVkmM8vF2vQUkj2LvZmD35JxeJOLCwJ9cUkugyk2nuhbv3+mJvpLYYt+0+USMxE+oj+ey/lJEnhZw75x/OMcQ==,
      }
    dev: false

  /concat-map@0.0.1:
    resolution:
      {
        integrity: sha512-/Srv4dswyQNBfohGpz9o6Yb3Gz3SrUDqBH5rTuhGR7ahtlbYKnVxw2bCFMRljaA7EXHaXZ8wsHdodFvbkhKmqg==,
      }
    dev: false

  /debug@2.6.9:
    resolution:
      {
        integrity: sha512-bC7ElrdJaJnPbAP+1EotYvqZsb3ecl5wi6Bfi6BJTUcNowp6cvspg0jXznRTKDjm/E7AdgFBVeAPVMNcKGsHMA==,
      }
    peerDependencies:
      supports-color: "*"
    peerDependenciesMeta:
      supports-color:
        optional: true
    dependencies:
      ms: 2.0.0
    dev: false

  /dom-walk@0.1.2:
    resolution:
      {
        integrity: sha512-6QvTW9mrGeIegrFXdtQi9pk7O/nSK6lSdXW2eqUspN5LWD7UTji2Fqw5V2YLjBpHEoU9Xl/eUWNpDeZvoyOv2w==,
      }
    dev: false

  /envify@4.1.0:
    resolution:
      {
        integrity: sha512-IKRVVoAYr4pIx4yIWNsz9mOsboxlNXiu7TNBnem/K/uTHdkyzXWDzHCK7UTolqBbgaBz0tQHsD3YNls0uIIjiw==,
      }
    hasBin: true
    dependencies:
      esprima: 4.0.1
      through: 2.3.8
    dev: false

  /es6-promise@4.2.8:
    resolution:
      {
        integrity: sha512-HJDGx5daxeIvxdBxvG2cb9g4tEvwIk3i8+nhX0yGrYmZUzbkdg8QbDevheDB8gd0//uPj4c1EQua8Q+MViT0/w==,
      }
    dev: false

  /esprima@4.0.1:
    resolution:
      {
        integrity: sha512-eGuFFw7Upda+g4p+QHvnW0RyTX/SVeJBDM/gCtMARO0cLuT2HcEKnTPvhjV6aGeqrCB/sbNop0Kszm0jsaWU4A==,
      }
    engines: { node: ">=4" }
    hasBin: true
    dev: false

  /events@1.1.1:
    resolution:
      {
        integrity: sha512-kEcvvCBByWXGnZy6JUlgAp2gBIUjfCAV6P6TgT1/aaQKcmuAEC4OZTV1I4EWQLz2gxZw76atuVyvHhTxvi0Flw==,
      }
    engines: { node: ">=0.4.x" }
    dev: false

  /extend-shallow@2.0.1:
    resolution:
      {
        integrity: sha512-zCnTtlxNoAiDc3gqY2aYAWFx7XWWiasuF2K8Me5WbN8otHKTUKBwjPtNpRs/rbUZm7KxWAaNj7P1a/p52GbVug==,
      }
    engines: { node: ">=0.10.0" }
    dependencies:
      is-extendable: 0.1.1
    dev: false

  /foreach@2.0.6:
    resolution:
      {
        integrity: sha512-k6GAGDyqLe9JaebCsFCoudPPWfihKu8pylYXRlqP1J7ms39iPoTtk2fviNglIeQEwdh0bQeKJ01ZPyuyQvKzwg==,
      }
    dev: false

  /fs.realpath@1.0.0:
    resolution:
      {
        integrity: sha512-OO0pH2lK6a0hZnAdau5ItzHPI6pUlvI7jMVnxUQRtw4owF2wk8lOSabtGDCTP4Ggrg2MbGnWO9X8K1t4+fGMDw==,
      }
    dev: false

  /glob@7.2.3:
    resolution:
      {
        integrity: sha512-nFR0zLpU2YCaRxwoCJvL6UvCH2JFyFVIvwTLsIf21AuHlMskA1hhTdk+LlYJtOlYt9v6dvszD2BGRqBL+iQK9Q==,
      }
    dependencies:
      fs.realpath: 1.0.0
      inflight: 1.0.6
      inherits: 2.0.4
      minimatch: 3.1.2
      once: 1.4.0
      path-is-absolute: 1.0.1
    dev: false

  /global@4.4.0:
    resolution:
      {
        integrity: sha512-wv/LAoHdRE3BeTGz53FAamhGlPLhlssK45usmGFThIi4XqnBmjKQ16u+RNbP7WvigRZDxUsM0J3gcQ5yicaL0w==,
      }
    dependencies:
      min-document: 2.19.0
      process: 0.11.10
    dev: false

  /gray-matter@3.1.1:
    resolution:
      {
        integrity: sha512-nZ1qjLmayEv0/wt3sHig7I0s3/sJO0dkAaKYQ5YAOApUtYEOonXSFdWvL1khvnZMTvov4UufkqlFsilPnejEXA==,
      }
    engines: { node: ">=0.10.0" }
    dependencies:
      extend-shallow: 2.0.1
      js-yaml: 3.14.1
      kind-of: 5.1.0
      strip-bom-string: 1.0.0
    dev: false

  /hugo-algolia@1.2.14:
    resolution:
      {
        integrity: sha512-VHDnKmvWZRQ/MGgWFFDlEGO+8arfL4X3kP6xWCY637/GHuc9Y1dlZ1F5GrFa+LAJ/5JiFo0e8E002SKXVv9CNQ==,
      }
    hasBin: true
    dependencies:
      algoliasearch: 3.35.1
      bytes: 3.1.2
      commander: 2.20.3
      glob: 7.2.3
      gray-matter: 3.1.1
      lodash: 4.17.21
      pos: 0.4.2
      remove-markdown: 0.2.2
      stopword: 0.1.19
      striptags: 3.2.0
      to-snake-case: 1.0.0
      toml: 2.3.6
      truncate-utf8-bytes: 1.0.2
    transitivePeerDependencies:
      - supports-color
    dev: false

  /inflight@1.0.6:
    resolution:
      {
        integrity: sha512-k92I/b08q4wvFscXCLvqfsHCrjrF7yiXsQuIVvVE7N82W3+aqpzuUdBbfhWcy/FZR3/4IgflMgKLOsvPDrGCJA==,
      }
    dependencies:
      once: 1.4.0
      wrappy: 1.0.2
    dev: false

  /inherits@2.0.4:
    resolution:
      {
        integrity: sha512-k/vGaX4/Yla3WzyMCvTQOXYeIHvqOKtnqBduzTHpzpQZzAskKMhZ2K+EnBiSM9zGSoIFeMpXKxa4dYeZIQqewQ==,
      }
    dev: false

  /is-extendable@0.1.1:
    resolution:
      {
        integrity: sha512-5BMULNob1vgFX6EjQw5izWDxrecWK9AM72rugNr0TFldMOi0fj6Jk+zeKIt0xGj4cEfQIJth4w3OKWOJ4f+AFw==,
      }
    engines: { node: ">=0.10.0" }
    dev: false

  /isarray@2.0.5:
    resolution:
      {
        integrity: sha512-xHjhDr3cNBK0BzdUJSPXZntQUx/mwMS5Rw4A7lPJ90XGAO6ISP/ePDNuo0vhqOZU+UD5JoodwCAAoZQd3FeAKw==,
      }
    dev: false

  /js-yaml@3.14.1:
    resolution:
      {
        integrity: sha512-okMH7OXXJ7YrN9Ok3/SXrnu4iX9yOk+25nqX4imS2npuvTYDmo/QEZoqwZkYaIDk3jVvBOTOIEgEhaLOynBS9g==,
      }
    hasBin: true
    dependencies:
      argparse: 1.0.10
      esprima: 4.0.1
    dev: false

  /kind-of@5.1.0:
    resolution:
      {
        integrity: sha512-NGEErnH6F2vUuXDh+OlbcKW7/wOcfdRHaZ7VWtqCztfHri/++YKmP51OdWeGPuqCOba6kk2OTe5d02VmTB80Pw==,
      }
    engines: { node: ">=0.10.0" }
    dev: false

  /load-script@1.0.0:
    resolution:
      {
        integrity: sha512-kPEjMFtZvwL9TaZo0uZ2ml+Ye9HUMmPwbYRJ324qF9tqMejwykJ5ggTyvzmrbBeapCAbk98BSbTeovHEEP1uCA==,
      }
    dev: false

  /lodash@4.17.21:
    resolution:
      {
        integrity: sha512-v2kDEe57lecTulaDIuNTPy3Ry4gLGJ6Z1O3vE1krgXZNrsQ+LFTGHVxVjcXPs17LhbZVGedAJv8XZ1tvj5FvSg==,
      }
    dev: false

  /mime@1.6.0:
    resolution:
      {
        integrity: sha512-x0Vn8spI+wuJ1O6S7gnbaQg8Pxh4NNHb7KSINmEWKiPE4RKOplvijn+NkmYmmRgP68mc70j2EbeTFRsrswaQeg==,
      }
    engines: { node: ">=4" }
    hasBin: true
    dev: false

  /min-document@2.19.0:
    resolution:
      {
        integrity: sha512-9Wy1B3m3f66bPPmU5hdA4DR4PB2OfDU/+GS3yAB7IQozE3tqXaVv2zOjgla7MEGSRv95+ILmOuvhLkOK6wJtCQ==,
      }
    dependencies:
      dom-walk: 0.1.2
    dev: false

  /minimatch@3.1.2:
    resolution:
      {
        integrity: sha512-J7p63hRiAjw1NDEww1W7i37+ByIrOWO5XQQAzZ3VOcL0PNybwpfmV/N05zFAzwQ9USyEcX6t3UO+K5aqBQOIHw==,
      }
    dependencies:
      brace-expansion: 1.1.11
    dev: false

  /minimist@0.0.10:
    resolution:
      {
        integrity: sha512-iotkTvxc+TwOm5Ieim8VnSNvCDjCK9S8G3scJ50ZthspSxa7jx50jkhYduuAtAjvfDUwSgOwf8+If99AlOEhyw==,
      }
    dev: false

  /ms@2.0.0:
    resolution:
      {
        integrity: sha512-Tpp60P6IUJDTuOq/5Z8cdskzJujfwqfOTkrwIwj7IRISpnkJnT6SyJ4PCPnGMoFjC9ddhal5KVIYtAt97ix05A==,
      }
    dev: false

  /node-static@0.7.11:
    resolution:
      {
        integrity: sha512-zfWC/gICcqb74D9ndyvxZWaI1jzcoHmf4UTHWQchBNuNMxdBLJMDiUgZ1tjGLEIe/BMhj2DxKD8HOuc2062pDQ==,
      }
    engines: { node: ">= 0.4.1" }
    hasBin: true
    dependencies:
      colors: 1.4.0
      mime: 1.6.0
      optimist: 0.6.1
    dev: false

  /object-keys@1.1.1:
    resolution:
      {
        integrity: sha512-NuAESUOUMrlIXOfHKzD6bpPu3tYt3xvjNdRIQ+FeT0lNb4K8WR70CaDxhuNguS2XG+GjkyMwOzsN5ZktImfhLA==,
      }
    engines: { node: ">= 0.4" }
    dev: false

  /once@1.4.0:
    resolution:
      {
        integrity: sha512-lNaJgI+2Q5URQBkccEKHTQOPaXdUxnZZElQTZY0MFUAuaEqe1E+Nyvgdz/aIyNi6Z9MzO5dv1H8n58/GELp3+w==,
      }
    dependencies:
      wrappy: 1.0.2
    dev: false

  /optimist@0.6.1:
    resolution:
      {
        integrity: sha512-snN4O4TkigujZphWLN0E//nQmm7790RYaE53DdL7ZYwee2D8DDo9/EyYiKUfN3rneWUjhJnueija3G9I2i0h3g==,
      }
    dependencies:
      minimist: 0.0.10
      wordwrap: 0.0.3
    dev: false

  /path-is-absolute@1.0.1:
    resolution:
      {
        integrity: sha512-AVbw3UJ2e9bq64vSaS9Am0fje1Pa8pbGqTTsmXfaIiMpnr5DlDhfJOuLj9Sf95ZPVDAUerDfEk88MPmPe7UCQg==,
      }
    engines: { node: ">=0.10.0" }
    dev: false

  /pos@0.4.2:
    resolution:
      {
        integrity: sha512-5HtivCe1HaOqjQZZNhtKrIR1zBvm2FLVVGl4b1poHPZDbXq1BEqYOlmWmetbzqrkRFITxPbEpVgpB03qNS4cSw==,
      }
    engines: { node: ">=0" }
    dev: false

  /prettier-plugin-go-template@0.0.13(prettier@2.8.7):
    resolution:
      {
        integrity: sha512-gG/xT5kd+kCzoMaTchXvdfBdsunyRCV6G8cgdPGPd2V5JGGKXUG7SjzBKU7jaGh2RTeblcAdBb/E+S/duOAMsA==,
      }
    engines: { node: ">=14.0.0" }
    peerDependencies:
      prettier: ^2.0.0
    dependencies:
      prettier: 2.8.7
      ulid: 2.3.0
    dev: false

  /prettier@2.8.7:
    resolution:
      {
        integrity: sha512-yPngTo3aXUUmyuTjeTUT75txrf+aMh9FiD7q9ZE/i6r0bPb22g4FsE6Y338PQX1bmfy08i9QQCB7/rcUAVntfw==,
      }
    engines: { node: ">=10.13.0" }
    hasBin: true
    dev: false

  /process@0.11.10:
    resolution:
      {
        integrity: sha512-cdGef/drWFoydD1JsMzuFf8100nZl+GT+yacc2bEced5f9Rjk4z+WtFUTBu9PhOi9j/jfmBPu0mMEY4wIdAF8A==,
      }
    engines: { node: ">= 0.6.0" }
    dev: false

  /querystring-es3@0.2.1:
    resolution:
      {
        integrity: sha512-773xhDQnZBMFobEiztv8LIl70ch5MSF/jUQVlhwFyBILqq96anmoctVIYz+ZRp0qbCKATTn6ev02M3r7Ga5vqA==,
      }
    engines: { node: ">=0.4.x" }
    dev: false

  /reduce@1.0.2:
    resolution:
      {
        integrity: sha512-xX7Fxke/oHO5IfZSk77lvPa/7bjMh9BuCk4OOoX5XTXrM7s0Z+MkPfSDfz0q7r91BhhGSs8gii/VEN/7zhCPpQ==,
      }
    dependencies:
      object-keys: 1.1.1
    dev: false

  /remove-markdown@0.2.2:
    resolution:
      {
        integrity: sha512-jwgEf3Yh/xi4WodWi/vPlasa9C9pMv1kz5ITOIAGjBW7PeZ/CHZCdBfJzQnn2VX2cBvf1xCuJv0tUJqn/FCMNA==,
      }
    dev: false

  /safe-buffer@5.2.1:
    resolution:
      {
        integrity: sha512-rp3So07KcdmmKbGvgaNxQSJr7bGVSVk5S9Eq1F+ppbRo70+YeaDxkw5Dd8NPN+GD6bjnYm2VuPuCXmpuYvmCXQ==,
      }
    dev: false

  /semver@5.7.1:
    resolution:
      {
        integrity: sha512-sauaDf/PZdVgrLTNYHRtpXa1iRiKcaebiKQ1BJdpQlWH2lCvexQdX55snPFyK7QzpudqbCI0qXFfOasHdyNDGQ==,
      }
    hasBin: true
    dev: false

  /sprintf-js@1.0.3:
    resolution:
      {
        integrity: sha512-D9cPgkvLlV3t3IzL0D0YLvGA9Ahk4PcvVwUbN0dSGr1aP0Nrt4AEnTUbuGvquEC0mA64Gqt1fzirlRs5ibXx8g==,
      }
    dev: false

  /stopword@0.1.19:
    resolution:
      {
        integrity: sha512-oKkl/LClyJ2YLWm2xZvIiCUGiTsggj+BPOQyt3IKtPUJZj43jYxFJEmXvP1VZQvMuexdodMBshL4sVUSPURmwg==,
      }
    dev: false

  /strip-bom-string@1.0.0:
    resolution:
      {
        integrity: sha512-uCC2VHvQRYu+lMh4My/sFNmF2klFymLX1wHJeXnbEJERpV/ZsVuonzerjfrGpIGF7LBVa1O7i9kjiWvJiFck8g==,
      }
    engines: { node: ">=0.10.0" }
    dev: false

  /striptags@3.2.0:
    resolution:
      {
        integrity: sha512-g45ZOGzHDMe2bdYMdIvdAfCQkCTDMGBazSw1ypMowwGIee7ZQ5dU0rBJ8Jqgl+jAKIv4dbeE1jscZq9wid1Tkw==,
      }
    dev: false

  /through@2.3.8:
    resolution:
      {
        integrity: sha512-w89qg7PI8wAdvX60bMDP+bFoD5Dvhm9oLheFp5O4a2QF0cSBGsBX4qZmadPMvVqlLJBBci+WqGGOAPvcDeNSVg==,
      }
    dev: false

  /to-no-case@1.0.2:
    resolution:
      {
        integrity: sha512-Z3g735FxuZY8rodxV4gH7LxClE4H0hTIyHNIHdk+vpQxjLm0cwnKXq/OFVZ76SOQmto7txVcwSCwkU5kqp+FKg==,
      }
    dev: false

  /to-snake-case@1.0.0:
    resolution:
      {
        integrity: sha512-joRpzBAk1Bhi2eGEYBjukEWHOe/IvclOkiJl3DtA91jV6NwQ3MwXA4FHYeqk8BNp/D8bmi9tcNbRu/SozP0jbQ==,
      }
    dependencies:
      to-space-case: 1.0.0
    dev: false

  /to-space-case@1.0.0:
    resolution:
      {
        integrity: sha512-rLdvwXZ39VOn1IxGL3V6ZstoTbwLRckQmn/U8ZDLuWwIXNpuZDhQ3AiRUlhTbOXFVE9C+dR51wM0CBDhk31VcA==,
      }
    dependencies:
      to-no-case: 1.0.2
    dev: false

  /toml@2.3.6:
    resolution:
      {
        integrity: sha512-gVweAectJU3ebq//Ferr2JUY4WKSDe5N+z0FvjDncLGyHmIDoxgY/2Ie4qfEIDm4IS7OA6Rmdm7pdEEdMcV/xQ==,
      }
    dev: false

  /truncate-utf8-bytes@1.0.2:
    resolution:
      {
        integrity: sha512-95Pu1QXQvruGEhv62XCMO3Mm90GscOCClvrIUwCM0PYOXK3kaF3l3sIHxx71ThJfcbM2O5Au6SO3AWCSEfW4mQ==,
      }
    dependencies:
      utf8-byte-length: 1.0.4
    dev: false

  /tunnel-agent@0.6.0:
    resolution:
      {
        integrity: sha512-McnNiV1l8RYeY8tBgEpuodCC1mLUdbSN+CYBL7kJsJNInOP8UjDDEwdk6Mw60vdLLrr5NHKZhMAOSrR2NZuQ+w==,
      }
    dependencies:
      safe-buffer: 5.2.1
    dev: false

  /ulid@2.3.0:
    resolution:
      {
        integrity: sha512-keqHubrlpvT6G2wH0OEfSW4mquYRcbe/J8NMmveoQOjUqmo+hXtO+ORCpWhdbZ7k72UtY61BL7haGxW6enBnjw==,
      }
    hasBin: true
    dev: false

  /utf8-byte-length@1.0.4:
    resolution:
      {
        integrity: sha512-4+wkEYLBbWxqTahEsWrhxepcoVOJ+1z5PGIjPZxRkytcdSUaNjIjBM7Xn8E+pdSuV7SzvWovBFA54FO0JSoqhA==,
      }
    dev: false

  /wordwrap@0.0.3:
    resolution:
      {
        integrity: sha512-1tMA907+V4QmxV7dbRvb4/8MaRALK6q9Abid3ndMYnbyo8piisCmeONVqVSXqQA3KaP4SLt5b7ud6E2sqP8TFw==,
      }
    engines: { node: ">=0.4.0" }
    dev: false

  /wrappy@1.0.2:
    resolution:
      {
        integrity: sha512-l4Sp/DRseor9wL6EvV2+TuQn63dMkPjZ/sp9XkghTEbV9KlPS1xUsZ3u7/IQO4wxtcFB4bgpQPRcR3QCvezPcQ==,
      }
    dev: false
